// !$*UTF8*$!
{
	archiveVersion = 1;
	classes = {
	};
	objectVersion = 46;
	objects = {

/* Begin PBXBuildFile section */
		02C80AB83D29C0832CB7AE79 /* Pods_Example.framework in Frameworks */ = {isa = PBXBuildFile; fileRef = FB5AC789405F1CD80DBE822E /* Pods_Example.framework */; };
		D42D1CEB1CAD801000EA0CA9 /* ExCustomTableViewCell.m in Sources */ = {isa = PBXBuildFile; fileRef = D42D1CEA1CAD801000EA0CA9 /* ExCustomTableViewCell.m */; };
		D42EA26F1CE9BF0A0015C8B5 /* MSDImageDownloadGroupManage.m in Sources */ = {isa = PBXBuildFile; fileRef = D42EA26C1CE9BF0A0015C8B5 /* MSDImageDownloadGroupManage.m */; };
		D42EA2701CE9BF0A0015C8B5 /* UIImageView+msd_WebCache.m in Sources */ = {isa = PBXBuildFile; fileRef = D42EA26E1CE9BF0A0015C8B5 /* UIImageView+msd_WebCache.m */; };
		D4F56E471C9FA26C00E27438 /* main.m in Sources */ = {isa = PBXBuildFile; fileRef = D4F56E461C9FA26C00E27438 /* main.m */; };
		D4F56E4A1C9FA26C00E27438 /* AppDelegate.m in Sources */ = {isa = PBXBuildFile; fileRef = D4F56E491C9FA26C00E27438 /* AppDelegate.m */; };
		D4F56E4D1C9FA26C00E27438 /* ViewController.m in Sources */ = {isa = PBXBuildFile; fileRef = D4F56E4C1C9FA26C00E27438 /* ViewController.m */; };
		D4F56E501C9FA26C00E27438 /* Main.storyboard in Resources */ = {isa = PBXBuildFile; fileRef = D4F56E4E1C9FA26C00E27438 /* Main.storyboard */; };
		D4F56E521C9FA26C00E27438 /* Assets.xcassets in Resources */ = {isa = PBXBuildFile; fileRef = D4F56E511C9FA26C00E27438 /* Assets.xcassets */; };
		D4F56E551C9FA26C00E27438 /* LaunchScreen.storyboard in Resources */ = {isa = PBXBuildFile; fileRef = D4F56E531C9FA26C00E27438 /* LaunchScreen.storyboard */; };
/* End PBXBuildFile section */

/* Begin PBXCopyFilesBuildPhase section */
		D4734BB21CA161DF00C00322 /* Embed Frameworks */ = {
			isa = PBXCopyFilesBuildPhase;
			buildActionMask = 2147483647;
			dstPath = "";
			dstSubfolderSpec = 10;
			files = (
			);
			name = "Embed Frameworks";
			runOnlyForDeploymentPostprocessing = 0;
		};
/* End PBXCopyFilesBuildPhase section */

/* Begin PBXFileReference section */
		2894BF57221A095D32DC924E /* Pods-Example.debug.xcconfig */ = {isa = PBXFileReference; includeInIndex = 1; lastKnownFileType = text.xcconfig; name = "Pods-Example.debug.xcconfig"; path = "Pods/Target Support Files/Pods-Example/Pods-Example.debug.xcconfig"; sourceTree = "<group>"; };
		C9630E3768EC55410F960A24 /* Pods-Example.release.xcconfig */ = {isa = PBXFileReference; includeInIndex = 1; lastKnownFileType = text.xcconfig; name = "Pods-Example.release.xcconfig"; path = "Pods/Target Support Files/Pods-Example/Pods-Example.release.xcconfig"; sourceTree = "<group>"; };
		D42D1CE91CAD801000EA0CA9 /* ExCustomTableViewCell.h */ = {isa = PBXFileReference; fileEncoding = 4; lastKnownFileType = sourcecode.c.h; path = ExCustomTableViewCell.h; sourceTree = "<group>"; };
		D42D1CEA1CAD801000EA0CA9 /* ExCustomTableViewCell.m */ = {isa = PBXFileReference; fileEncoding = 4; lastKnownFileType = sourcecode.c.objc; path = ExCustomTableViewCell.m; sourceTree = "<group>"; };
		D42EA26B1CE9BF0A0015C8B5 /* MSDImageDownloadGroupManage.h */ = {isa = PBXFileReference; fileEncoding = 4; lastKnownFileType = sourcecode.c.h; path = MSDImageDownloadGroupManage.h; sourceTree = "<group>"; };
		D42EA26C1CE9BF0A0015C8B5 /* MSDImageDownloadGroupManage.m */ = {isa = PBXFileReference; fileEncoding = 4; lastKnownFileType = sourcecode.c.objc; path = MSDImageDownloadGroupManage.m; sourceTree = "<group>"; };
		D42EA26D1CE9BF0A0015C8B5 /* UIImageView+msd_WebCache.h */ = {isa = PBXFileReference; fileEncoding = 4; lastKnownFileType = sourcecode.c.h; path = "UIImageView+msd_WebCache.h"; sourceTree = "<group>"; };
		D42EA26E1CE9BF0A0015C8B5 /* UIImageView+msd_WebCache.m */ = {isa = PBXFileReference; fileEncoding = 4; lastKnownFileType = sourcecode.c.objc; path = "UIImageView+msd_WebCache.m"; sourceTree = "<group>"; };
		D4F56E421C9FA26C00E27438 /* Example.app */ = {isa = PBXFileReference; explicitFileType = wrapper.application; includeInIndex = 0; path = Example.app; sourceTree = BUILT_PRODUCTS_DIR; };
		D4F56E461C9FA26C00E27438 /* main.m */ = {isa = PBXFileReference; lastKnownFileType = sourcecode.c.objc; path = main.m; sourceTree = "<group>"; };
		D4F56E481C9FA26C00E27438 /* AppDelegate.h */ = {isa = PBXFileReference; lastKnownFileType = sourcecode.c.h; path = AppDelegate.h; sourceTree = "<group>"; };
		D4F56E491C9FA26C00E27438 /* AppDelegate.m */ = {isa = PBXFileReference; lastKnownFileType = sourcecode.c.objc; path = AppDelegate.m; sourceTree = "<group>"; };
		D4F56E4B1C9FA26C00E27438 /* ViewController.h */ = {isa = PBXFileReference; lastKnownFileType = sourcecode.c.h; path = ViewController.h; sourceTree = "<group>"; };
		D4F56E4C1C9FA26C00E27438 /* ViewController.m */ = {isa = PBXFileReference; lastKnownFileType = sourcecode.c.objc; path = ViewController.m; sourceTree = "<group>"; };
		D4F56E4F1C9FA26C00E27438 /* Base */ = {isa = PBXFileReference; lastKnownFileType = file.storyboard; name = Base; path = Base.lproj/Main.storyboard; sourceTree = "<group>"; };
		D4F56E511C9FA26C00E27438 /* Assets.xcassets */ = {isa = PBXFileReference; lastKnownFileType = folder.assetcatalog; path = Assets.xcassets; sourceTree = "<group>"; };
		D4F56E541C9FA26C00E27438 /* Base */ = {isa = PBXFileReference; lastKnownFileType = file.storyboard; name = Base; path = Base.lproj/LaunchScreen.storyboard; sourceTree = "<group>"; };
		D4F56E561C9FA26C00E27438 /* Info.plist */ = {isa = PBXFileReference; lastKnownFileType = text.plist.xml; path = Info.plist; sourceTree = "<group>"; };
		FB5AC789405F1CD80DBE822E /* Pods_Example.framework */ = {isa = PBXFileReference; explicitFileType = wrapper.framework; includeInIndex = 0; path = Pods_Example.framework; sourceTree = BUILT_PRODUCTS_DIR; };
/* End PBXFileReference section */

/* Begin PBXFrameworksBuildPhase section */
		D4F56E3F1C9FA26C00E27438 /* Frameworks */ = {
			isa = PBXFrameworksBuildPhase;
			buildActionMask = 2147483647;
			files = (
				02C80AB83D29C0832CB7AE79 /* Pods_Example.framework in Frameworks */,
			);
			runOnlyForDeploymentPostprocessing = 0;
		};
/* End PBXFrameworksBuildPhase section */

/* Begin PBXGroup section */
		19FD20833768FEE82CE7F658 /* Pods */ = {
			isa = PBXGroup;
			children = (
				2894BF57221A095D32DC924E /* Pods-Example.debug.xcconfig */,
				C9630E3768EC55410F960A24 /* Pods-Example.release.xcconfig */,
			);
			name = Pods;
			sourceTree = "<group>";
		};
		8DB511D34ED27D37D53C5C1C /* Frameworks */ = {
			isa = PBXGroup;
			children = (
				FB5AC789405F1CD80DBE822E /* Pods_Example.framework */,
			);
			name = Frameworks;
			sourceTree = "<group>";
		};
		D42EA26A1CE9BF0A0015C8B5 /* MSDImageDownloadGroup */ = {
			isa = PBXGroup;
			children = (
				D42EA26B1CE9BF0A0015C8B5 /* MSDImageDownloadGroupManage.h */,
				D42EA26C1CE9BF0A0015C8B5 /* MSDImageDownloadGroupManage.m */,
				D42EA26D1CE9BF0A0015C8B5 /* UIImageView+msd_WebCache.h */,
				D42EA26E1CE9BF0A0015C8B5 /* UIImageView+msd_WebCache.m */,
			);
			path = MSDImageDownloadGroup;
			sourceTree = "<group>";
		};
		D4F56E391C9FA26C00E27438 = {
			isa = PBXGroup;
			children = (
				D42EA26A1CE9BF0A0015C8B5 /* MSDImageDownloadGroup */,
				D4F56E441C9FA26C00E27438 /* Example */,
				D4F56E431C9FA26C00E27438 /* Products */,
				19FD20833768FEE82CE7F658 /* Pods */,
				8DB511D34ED27D37D53C5C1C /* Frameworks */,
			);
			sourceTree = "<group>";
		};
		D4F56E431C9FA26C00E27438 /* Products */ = {
			isa = PBXGroup;
			children = (
				D4F56E421C9FA26C00E27438 /* Example.app */,
			);
			name = Products;
			sourceTree = "<group>";
		};
		D4F56E441C9FA26C00E27438 /* Example */ = {
			isa = PBXGroup;
			children = (
				D4F56E481C9FA26C00E27438 /* AppDelegate.h */,
				D4F56E491C9FA26C00E27438 /* AppDelegate.m */,
				D4F56E4B1C9FA26C00E27438 /* ViewController.h */,
				D4F56E4C1C9FA26C00E27438 /* ViewController.m */,
				D42D1CE91CAD801000EA0CA9 /* ExCustomTableViewCell.h */,
				D42D1CEA1CAD801000EA0CA9 /* ExCustomTableViewCell.m */,
				D4F56E4E1C9FA26C00E27438 /* Main.storyboard */,
				D4F56E511C9FA26C00E27438 /* Assets.xcassets */,
				D4F56E531C9FA26C00E27438 /* LaunchScreen.storyboard */,
				D4F56E561C9FA26C00E27438 /* Info.plist */,
				D4F56E451C9FA26C00E27438 /* Supporting Files */,
			);
			path = Example;
			sourceTree = "<group>";
		};
		D4F56E451C9FA26C00E27438 /* Supporting Files */ = {
			isa = PBXGroup;
			children = (
				D4F56E461C9FA26C00E27438 /* main.m */,
			);
			name = "Supporting Files";
			sourceTree = "<group>";
		};
/* End PBXGroup section */

/* Begin PBXNativeTarget section */
		D4F56E411C9FA26C00E27438 /* Example */ = {
			isa = PBXNativeTarget;
			buildConfigurationList = D4F56E591C9FA26C00E27438 /* Build configuration list for PBXNativeTarget "Example" */;
			buildPhases = (
				805DE4E39B0B6E41E3DA2E96 /* Check Pods Manifest.lock */,
				D4F56E3E1C9FA26C00E27438 /* Sources */,
				D4F56E3F1C9FA26C00E27438 /* Frameworks */,
				D4F56E401C9FA26C00E27438 /* Resources */,
				D4734BB21CA161DF00C00322 /* Embed Frameworks */,
				CD1D665DA960981A8A8CA2EA /* Embed Pods Frameworks */,
				C24A581B6DB904898F3F4B5E /* Copy Pods Resources */,
			);
			buildRules = (
			);
			dependencies = (
			);
			name = Example;
			productName = Example;
			productReference = D4F56E421C9FA26C00E27438 /* Example.app */;
			productType = "com.apple.product-type.application";
		};
/* End PBXNativeTarget section */

/* Begin PBXProject section */
		D4F56E3A1C9FA26C00E27438 /* Project object */ = {
			isa = PBXProject;
			attributes = {
				LastSwiftUpdateCheck = 0730;
				LastUpgradeCheck = 0720;
				ORGANIZATIONNAME = "马权";
				TargetAttributes = {
					D4F56E411C9FA26C00E27438 = {
						CreatedOnToolsVersion = 7.2;
					};
				};
			};
			buildConfigurationList = D4F56E3D1C9FA26C00E27438 /* Build configuration list for PBXProject "Example" */;
			compatibilityVersion = "Xcode 3.2";
			developmentRegion = English;
			hasScannedForEncodings = 0;
			knownRegions = (
				en,
				Base,
			);
			mainGroup = D4F56E391C9FA26C00E27438;
			productRefGroup = D4F56E431C9FA26C00E27438 /* Products */;
			projectDirPath = "";
			projectRoot = "";
			targets = (
				D4F56E411C9FA26C00E27438 /* Example */,
			);
		};
/* End PBXProject section */

/* Begin PBXResourcesBuildPhase section */
		D4F56E401C9FA26C00E27438 /* Resources */ = {
			isa = PBXResourcesBuildPhase;
			buildActionMask = 2147483647;
			files = (
				D4F56E551C9FA26C00E27438 /* LaunchScreen.storyboard in Resources */,
				D4F56E521C9FA26C00E27438 /* Assets.xcassets in Resources */,
				D4F56E501C9FA26C00E27438 /* Main.storyboard in Resources */,
			);
			runOnlyForDeploymentPostprocessing = 0;
		};
/* End PBXResourcesBuildPhase section */

/* Begin PBXShellScriptBuildPhase section */
		805DE4E39B0B6E41E3DA2E96 /* Check Pods Manifest.lock */ = {
			isa = PBXShellScriptBuildPhase;
			buildActionMask = 2147483647;
			files = (
			);
			inputPaths = (
			);
			name = "Check Pods Manifest.lock";
			outputPaths = (
			);
			runOnlyForDeploymentPostprocessing = 0;
			shellPath = /bin/sh;
			shellScript = "diff \"${PODS_ROOT}/../Podfile.lock\" \"${PODS_ROOT}/Manifest.lock\" > /dev/null\nif [[ $? != 0 ]] ; then\n    cat << EOM\nerror: The sandbox is not in sync with the Podfile.lock. Run 'pod install' or update your CocoaPods installation.\nEOM\n    exit 1\nfi\n";
			showEnvVarsInLog = 0;
		};
		C24A581B6DB904898F3F4B5E /* Copy Pods Resources */ = {
			isa = PBXShellScriptBuildPhase;
			buildActionMask = 2147483647;
			files = (
			);
			inputPaths = (
			);
			name = "Copy Pods Resources";
			outputPaths = (
			);
			runOnlyForDeploymentPostprocessing = 0;
			shellPath = /bin/sh;
			shellScript = "\"${SRCROOT}/Pods/Target Support Files/Pods-Example/Pods-Example-resources.sh\"\n";
			showEnvVarsInLog = 0;
		};
		CD1D665DA960981A8A8CA2EA /* Embed Pods Frameworks */ = {
			isa = PBXShellScriptBuildPhase;
			buildActionMask = 2147483647;
			files = (
			);
			inputPaths = (
			);
			name = "Embed Pods Frameworks";
			outputPaths = (
			);
			runOnlyForDeploymentPostprocessing = 0;
			shellPath = /bin/sh;
			shellScript = "\"${SRCROOT}/Pods/Target Support Files/Pods-Example/Pods-Example-frameworks.sh\"\n";
			showEnvVarsInLog = 0;
		};
/* End PBXShellScriptBuildPhase section */

/* Begin PBXSourcesBuildPhase section */
		D4F56E3E1C9FA26C00E27438 /* Sources */ = {
			isa = PBXSourcesBuildPhase;
			buildActionMask = 2147483647;
			files = (
				D42EA26F1CE9BF0A0015C8B5 /* MSDImageDownloadGroupManage.m in Sources */,
				D4F56E4D1C9FA26C00E27438 /* ViewController.m in Sources */,
				D4F56E4A1C9FA26C00E27438 /* AppDelegate.m in Sources */,
				D42D1CEB1CAD801000EA0CA9 /* ExCustomTableViewCell.m in Sources */,
				D4F56E471C9FA26C00E27438 /* main.m in Sources */,
				D42EA2701CE9BF0A0015C8B5 /* UIImageView+msd_WebCache.m in Sources */,
			);
			runOnlyForDeploymentPostprocessing = 0;
		};
/* End PBXSourcesBuildPhase section */

/* Begin PBXVariantGroup section */
		D4F56E4E1C9FA26C00E27438 /* Main.storyboard */ = {
			isa = PBXVariantGroup;
			children = (
				D4F56E4F1C9FA26C00E27438 /* Base */,
			);
			name = Main.storyboard;
			sourceTree = "<group>";
		};
		D4F56E531C9FA26C00E27438 /* LaunchScreen.storyboard */ = {
			isa = PBXVariantGroup;
			children = (
				D4F56E541C9FA26C00E27438 /* Base */,
			);
			name = LaunchScreen.storyboard;
			sourceTree = "<group>";
		};
/* End PBXVariantGroup section */

/* Begin XCBuildConfiguration section */
		D4F56E571C9FA26C00E27438 /* Debug */ = {
			isa = XCBuildConfiguration;
			buildSettings = {
				ALWAYS_SEARCH_USER_PATHS = NO;
				CLANG_CXX_LANGUAGE_STANDARD = "gnu++0x";
				CLANG_CXX_LIBRARY = "libc++";
				CLANG_ENABLE_MODULES = YES;
				CLANG_ENABLE_OBJC_ARC = YES;
				CLANG_WARN_BOOL_CONVERSION = YES;
				CLANG_WARN_CONSTANT_CONVERSION = YES;
				CLANG_WARN_DIRECT_OBJC_ISA_USAGE = YES_ERROR;
				CLANG_WARN_EMPTY_BODY = YES;
				CLANG_WARN_ENUM_CONVERSION = YES;
				CLANG_WARN_INT_CONVERSION = YES;
				CLANG_WARN_OBJC_ROOT_CLASS = YES_ERROR;
				CLANG_WARN_UNREACHABLE_CODE = YES;
				CLANG_WARN__DUPLICATE_METHOD_MATCH = YES;
				"CODE_SIGN_IDENTITY[sdk=iphoneos*]" = "iPhone Developer";
				COPY_PHASE_STRIP = NO;
				DEBUG_INFORMATION_FORMAT = dwarf;
				ENABLE_STRICT_OBJC_MSGSEND = YES;
				ENABLE_TESTABILITY = YES;
				GCC_C_LANGUAGE_STANDARD = gnu99;
				GCC_DYNAMIC_NO_PIC = NO;
				GCC_NO_COMMON_BLOCKS = YES;
				GCC_OPTIMIZATION_LEVEL = 0;
				GCC_PREPROCESSOR_DEFINITIONS = (
					"DEBUG=1",
					"$(inherited)",
				);
				GCC_WARN_64_TO_32_BIT_CONVERSION = YES;
				GCC_WARN_ABOUT_RETURN_TYPE = YES_ERROR;
				GCC_WARN_UNDECLARED_SELECTOR = YES;
				GCC_WARN_UNINITIALIZED_AUTOS = YES_AGGRESSIVE;
				GCC_WARN_UNUSED_FUNCTION = YES;
				GCC_WARN_UNUSED_VARIABLE = YES;
				IPHONEOS_DEPLOYMENT_TARGET = 9.2;
				MTL_ENABLE_DEBUG_INFO = YES;
				ONLY_ACTIVE_ARCH = YES;
				SDKROOT = iphoneos;
				TARGETED_DEVICE_FAMILY = 2;
			};
			name = Debug;
		};
		D4F56E581C9FA26C00E27438 /* Release */ = {
			isa = XCBuildConfiguration;
			buildSettings = {
				ALWAYS_SEARCH_USER_PATHS = NO;
				CLANG_CXX_LANGUAGE_STANDARD = "gnu++0x";
				CLANG_CXX_LIBRARY = "libc++";
				CLANG_ENABLE_MODULES = YES;
				CLANG_ENABLE_OBJC_ARC = YES;
				CLANG_WARN_BOOL_CONVERSION = YES;
				CLANG_WARN_CONSTANT_CONVERSION = YES;
				CLANG_WARN_DIRECT_OBJC_ISA_USAGE = YES_ERROR;
				CLANG_WARN_EMPTY_BODY = YES;
				CLANG_WARN_ENUM_CONVERSION = YES;
				CLANG_WARN_INT_CONVERSION = YES;
				CLANG_WARN_OBJC_ROOT_CLASS = YES_ERROR;
				CLANG_WARN_UNREACHABLE_CODE = YES;
				CLANG_WARN__DUPLICATE_METHOD_MATCH = YES;
				"CODE_SIGN_IDENTITY[sdk=iphoneos*]" = "iPhone Developer";
				COPY_PHASE_STRIP = NO;
				DEBUG_INFORMATION_FORMAT = "dwarf-with-dsym";
				ENABLE_NS_ASSERTIONS = NO;
				ENABLE_STRICT_OBJC_MSGSEND = YES;
				GCC_C_LANGUAGE_STANDARD = gnu99;
				GCC_NO_COMMON_BLOCKS = YES;
				GCC_WARN_64_TO_32_BIT_CONVERSION = YES;
				GCC_WARN_ABOUT_RETURN_TYPE = YES_ERROR;
				GCC_WARN_UNDECLARED_SELECTOR = YES;
				GCC_WARN_UNINITIALIZED_AUTOS = YES_AGGRESSIVE;
				GCC_WARN_UNUSED_FUNCTION = YES;
				GCC_WARN_UNUSED_VARIABLE = YES;
				IPHONEOS_DEPLOYMENT_TARGET = 9.2;
				MTL_ENABLE_DEBUG_INFO = NO;
				SDKROOT = iphoneos;
				TARGETED_DEVICE_FAMILY = 2;
				VALIDATE_PRODUCT = YES;
			};
			name = Release;
		};
		D4F56E5A1C9FA26C00E27438 /* Debug */ = {
			isa = XCBuildConfiguration;
			baseConfigurationReference = 2894BF57221A095D32DC924E /* Pods-Example.debug.xcconfig */;
			buildSettings = {
				ASSETCATALOG_COMPILER_APPICON_NAME = AppIcon;
				CLANG_ENABLE_MODULES = YES;
				DEFINES_MODULE = YES;
				INFOPLIST_FILE = Example/Info.plist;
				IPHONEOS_DEPLOYMENT_TARGET = 8.0;
				LD_RUNPATH_SEARCH_PATHS = "$(inherited) @executable_path/Frameworks";
				PRODUCT_BUNDLE_IDENTIFIER = "--.Example";
				PRODUCT_NAME = "$(TARGET_NAME)";
				SWIFT_OBJC_BRIDGING_HEADER = "";
				SWIFT_OPTIMIZATION_LEVEL = "-Onone";
				TARGETED_DEVICE_FAMILY = 1;
			};
			name = Debug;
		};
		D4F56E5B1C9FA26C00E27438 /* Release */ = {
			isa = XCBuildConfiguration;
			baseConfigurationReference = C9630E3768EC55410F960A24 /* Pods-Example.release.xcconfig */;
			buildSettings = {
				ASSETCATALOG_COMPILER_APPICON_NAME = AppIcon;
				CLANG_ENABLE_MODULES = YES;
				DEFINES_MODULE = YES;
				INFOPLIST_FILE = Example/Info.plist;
				IPHONEOS_DEPLOYMENT_TARGET = 8.0;
				LD_RUNPATH_SEARCH_PATHS = "$(inherited) @executable_path/Frameworks";
				PRODUCT_BUNDLE_IDENTIFIER = "--.Example";
				PRODUCT_NAME = "$(TARGET_NAME)";
				SWIFT_OBJC_BRIDGING_HEADER = "";
				TARGETED_DEVICE_FAMILY = 1;
			};
			name = Release;
		};
/* End XCBuildConfiguration section */

/* Begin XCConfigurationList section */
		D4F56E3D1C9FA26C00E27438 /* Build configuration list for PBXProject "Example" */ = {
			isa = XCConfigurationList;
			buildConfigurations = (
				D4F56E571C9FA26C00E27438 /* Debug */,
				D4F56E581C9FA26C00E27438 /* Release */,
			);
			defaultConfigurationIsVisible = 0;
			defaultConfigurationName = Release;
		};
		D4F56E591C9FA26C00E27438 /* Build configuration list for PBXNativeTarget "Example" */ = {
			isa = XCConfigurationList;
			buildConfigurations = (
				D4F56E5A1C9FA26C00E27438 /* Debug */,
				D4F56E5B1C9FA26C00E27438 /* Release */,
			);
			defaultConfigurationIsVisible = 0;
			defaultConfigurationName = Release;
		};
/* End XCConfigurationList section */
	};
	rootObject = D4F56E3A1C9FA26C00E27438 /* Project object */;
}
